// !$*UTF8*$!
{
	archiveVersion = 1;
	classes = {
	};
	objectVersion = 50;
	objects = {

/* Begin PBXBuildFile section */
		DF8AFD2825D377AC00B926FE /* UsingStateToFilterListAppApp.swift in Sources */ = {isa = PBXBuildFile; fileRef = DF8AFD2725D377AC00B926FE /* UsingStateToFilterListAppApp.swift */; };
		DF8AFD2A25D377AC00B926FE /* ContentView.swift in Sources */ = {isa = PBXBuildFile; fileRef = DF8AFD2925D377AC00B926FE /* ContentView.swift */; };
		DF8AFD2C25D377AE00B926FE /* Assets.xcassets in Resources */ = {isa = PBXBuildFile; fileRef = DF8AFD2B25D377AE00B926FE /* Assets.xcassets */; };
		DF8AFD2F25D377AE00B926FE /* Preview Assets.xcassets in Resources */ = {isa = PBXBuildFile; fileRef = DF8AFD2E25D377AE00B926FE /* Preview Assets.xcassets */; };
		DF8AFD3A25D3792D00B926FE /* CreditCard.swift in Sources */ = {isa = PBXBuildFile; fileRef = DF8AFD3925D3792D00B926FE /* CreditCard.swift */; };
/* End PBXBuildFile section */

/* Begin PBXFileReference section */
		DF8AFD2425D377AC00B926FE /* UsingStateToFilterListApp.app */ = {isa = PBXFileReference; explicitFileType = wrapper.application; includeInIndex = 0; path = UsingStateToFilterListApp.app; sourceTree = BUILT_PRODUCTS_DIR; };
		DF8AFD2725D377AC00B926FE /* UsingStateToFilterListAppApp.swift */ = {isa = PBXFileReference; lastKnownFileType = sourcecode.swift; path = UsingStateToFilterListAppApp.swift; sourceTree = "<group>"; };
		DF8AFD2925D377AC00B926FE /* ContentView.swift */ = {isa = PBXFileReference; lastKnownFileType = sourcecode.swift; path = ContentView.swift; sourceTree = "<group>"; };
		DF8AFD2B25D377AE00B926FE /* Assets.xcassets */ = {isa = PBXFileReference; lastKnownFileType = folder.assetcatalog; path = Assets.xcassets; sourceTree = "<group>"; };
		DF8AFD2E25D377AE00B926FE /* Preview Assets.xcassets */ = {isa = PBXFileReference; lastKnownFileType = folder.assetcatalog; path = "Preview Assets.xcassets"; sourceTree = "<group>"; };
		DF8AFD3025D377AE00B926FE /* Info.plist */ = {isa = PBXFileReference; lastKnownFileType = text.plist.xml; path = Info.plist; sourceTree = "<group>"; };
		DF8AFD3925D3792D00B926FE /* CreditCard.swift */ = {isa = PBXFileReference; lastKnownFileType = sourcecode.swift; path = CreditCard.swift; sourceTree = "<group>"; };
/* End PBXFileReference section */

/* Begin PBXFrameworksBuildPhase section */
		DF8AFD2125D377AC00B926FE /* Frameworks */ = {
			isa = PBXFrameworksBuildPhase;
			buildActionMask = 2147483647;
			files = (
			);
			runOnlyForDeploymentPostprocessing = 0;
		};
/* End PBXFrameworksBuildPhase section */

/* Begin PBXGroup section */
		DF8AFD1B25D377AC00B926FE = {
			isa = PBXGroup;
			children = (
				DF8AFD2625D377AC00B926FE /* UsingStateToFilterListApp */,
				DF8AFD2525D377AC00B926FE /* Products */,
			);
			sourceTree = "<group>";
		};
		DF8AFD2525D377AC00B926FE /* Products */ = {
			isa = PBXGroup;
			children = (
				DF8AFD2425D377AC00B926FE /* UsingStateToFilterListApp.app */,
			);
			name = Products;
			sourceTree = "<group>";
		};
		DF8AFD2625D377AC00B926FE /* UsingStateToFilterListApp */ = {
			isa = PBXGroup;
			children = (
				DF8AFD3825D3791B00B926FE /* Models */,
				DF8AFD2725D377AC00B926FE /* UsingStateToFilterListAppApp.swift */,
				DF8AFD2925D377AC00B926FE /* ContentView.swift */,
				DF8AFD2B25D377AE00B926FE /* Assets.xcassets */,
				DF8AFD3025D377AE00B926FE /* Info.plist */,
				DF8AFD2D25D377AE00B926FE /* Preview Content */,
			);
			path = UsingStateToFilterListApp;
			sourceTree = "<group>";
		};
		DF8AFD2D25D377AE00B926FE /* Preview Content */ = {
			isa = PBXGroup;
			children = (
				DF8AFD2E25D377AE00B926FE /* Preview Assets.xcassets */,
			);
			path = "Preview Content";
			sourceTree = "<group>";
		};
		DF8AFD3825D3791B00B926FE /* Models */ = {
			isa = PBXGroup;
			children = (
				DF8AFD3925D3792D00B926FE /* CreditCard.swift */,
			);
			path = Models;
			sourceTree = "<group>";
		};
/* End PBXGroup section */

/* Begin PBXNativeTarget section */
		DF8AFD2325D377AC00B926FE /* UsingStateToFilterListApp */ = {
			isa = PBXNativeTarget;
			buildConfigurationList = DF8AFD3325D377AE00B926FE /* Build configuration list for PBXNativeTarget "UsingStateToFilterListApp" */;
			buildPhases = (
				DF8AFD2025D377AC00B926FE /* Sources */,
				DF8AFD2125D377AC00B926FE /* Frameworks */,
				DF8AFD2225D377AC00B926FE /* Resources */,
			);
			buildRules = (
			);
			dependencies = (
			);
			name = UsingStateToFilterListApp;
			productName = UsingStateToFilterListApp;
			productReference = DF8AFD2425D377AC00B926FE /* UsingStateToFilterListApp.app */;
			productType = "com.apple.product-type.application";
		};
/* End PBXNativeTarget section */

/* Begin PBXProject section */
		DF8AFD1C25D377AC00B926FE /* Project object */ = {
			isa = PBXProject;
			attributes = {
				LastSwiftUpdateCheck = 1240;
				LastUpgradeCheck = 1240;
				TargetAttributes = {
					DF8AFD2325D377AC00B926FE = {
						CreatedOnToolsVersion = 12.4;
					};
				};
			};
			buildConfigurationList = DF8AFD1F25D377AC00B926FE /* Build configuration list for PBXProject "UsingStateToFilterListApp" */;
			compatibilityVersion = "Xcode 9.3";
			developmentRegion = en;
			hasScannedForEncodings = 0;
			knownRegions = (
				en,
				Base,
			);
			mainGroup = DF8AFD1B25D377AC00B926FE;
			productRefGroup = DF8AFD2525D377AC00B926FE /* Products */;
			projectDirPath = "";
			projectRoot = "";
			targets = (
				DF8AFD2325D377AC00B926FE /* UsingStateToFilterListApp */,
			);
		};
/* End PBXProject section */

/* Begin PBXResourcesBuildPhase section */
		DF8AFD2225D377AC00B926FE /* Resources */ = {
			isa = PBXResourcesBuildPhase;
			buildActionMask = 2147483647;
			files = (
				DF8AFD2F25D377AE00B926FE /* Preview Assets.xcassets in Resources */,
				DF8AFD2C25D377AE00B926FE /* Assets.xcassets in Resources */,
			);
			runOnlyForDeploymentPostprocessing = 0;
		};
/* End PBXResourcesBuildPhase section */

/* Begin PBXSourcesBuildPhase section */
		DF8AFD2025D377AC00B926FE /* Sources */ = {
			isa = PBXSourcesBuildPhase;
			buildActionMask = 2147483647;
			files = (
				DF8AFD3A25D3792D00B926FE /* CreditCard.swift in Sources */,
				DF8AFD2A25D377AC00B926FE /* ContentView.swift in Sources */,
				DF8AFD2825D377AC00B926FE /* UsingStateToFilterListAppApp.swift in Sources */,
			);
			runOnlyForDeploymentPostprocessing = 0;
		};
/* End PBXSourcesBuildPhase section */

/* Begin XCBuildConfiguration section */
		DF8AFD3125D377AE00B926FE /* Debug */ = {
			isa = XCBuildConfiguration;
			buildSettings = {
				ALWAYS_SEARCH_USER_PATHS = NO;
				CLANG_ANALYZER_NONNULL = YES;
				CLANG_ANALYZER_NUMBER_OBJECT_CONVERSION = YES_AGGRESSIVE;
				CLANG_CXX_LANGUAGE_STANDARD = "gnu++14";
				CLANG_CXX_LIBRARY = "libc++";
				CLANG_ENABLE_MODULES = YES;
				CLANG_ENABLE_OBJC_ARC = YES;
				CLANG_ENABLE_OBJC_WEAK = YES;
				CLANG_WARN_BLOCK_CAPTURE_AUTORELEASING = YES;
				CLANG_WARN_BOOL_CONVERSION = YES;
				CLANG_WARN_COMMA = YES;
				CLANG_WARN_CONSTANT_CONVERSION = YES;
				CLANG_WARN_DEPRECATED_OBJC_IMPLEMENTATIONS = YES;
				CLANG_WARN_DIRECT_OBJC_ISA_USAGE = YES_ERROR;
				CLANG_WARN_DOCUMENTATION_COMMENTS = YES;
				CLANG_WARN_EMPTY_BODY = YES;
				CLANG_WARN_ENUM_CONVERSION = YES;
				CLANG_WARN_INFINITE_RECURSION = YES;
				CLANG_WARN_INT_CONVERSION = YES;
				CLANG_WARN_NON_LITERAL_NULL_CONVERSION = YES;
				CLANG_WARN_OBJC_IMPLICIT_RETAIN_SELF = YES;
				CLANG_WARN_OBJC_LITERAL_CONVERSION = YES;
				CLANG_WARN_OBJC_ROOT_CLASS = YES_ERROR;
				CLANG_WARN_QUOTED_INCLUDE_IN_FRAMEWORK_HEADER = YES;
				CLANG_WARN_RANGE_LOOP_ANALYSIS = YES;
				CLANG_WARN_STRICT_PROTOTYPES = YES;
				CLANG_WARN_SUSPICIOUS_MOVE = YES;
				CLANG_WARN_UNGUARDED_AVAILABILITY = YES_AGGRESSIVE;
				CLANG_WARN_UNREACHABLE_CODE = YES;
				CLANG_WARN__DUPLICATE_METHOD_MATCH = YES;
				COPY_PHASE_STRIP = NO;
				DEBUG_INFORMATION_FORMAT = dwarf;
				ENABLE_STRICT_OBJC_MSGSEND = YES;
				ENABLE_TESTABILITY = YES;
				GCC_C_LANGUAGE_STANDARD = gnu11;
				GCC_DYNAMIC_NO_PIC = NO;
				GCC_NO_COMMON_BLOCKS = YES;
				GCC_OPTIMIZATION_LEVEL = 0;
				GCC_PREPROCESSOR_DEFINITIONS = (
					"DEBUG=1",
					"$(inherited)",
				);
				GCC_WARN_64_TO_32_BIT_CONVERSION = YES;
				GCC_WARN_ABOUT_RETURN_TYPE = YES_ERROR;
				GCC_WARN_UNDECLARED_SELECTOR = YES;
				GCC_WARN_UNINITIALIZED_AUTOS = YES_AGGRESSIVE;
				GCC_WARN_UNUSED_FUNCTION = YES;
				GCC_WARN_UNUSED_VARIABLE = YES;
				IPHONEOS_DEPLOYMENT_TARGET = 14.4;
				MTL_ENABLE_DEBUG_INFO = INCLUDE_SOURCE;
				MTL_FAST_MATH = YES;
				ONLY_ACTIVE_ARCH = YES;
				SDKROOT = iphoneos;
				SWIFT_ACTIVE_COMPILATION_CONDITIONS = DEBUG;
				SWIFT_OPTIMIZATION_LEVEL = "-Onone";
			};
			name = Debug;
		};
		DF8AFD3225D377AE00B926FE /* Release */ = {
			isa = XCBuildConfiguration;
			buildSettings = {
				ALWAYS_SEARCH_USER_PATHS = NO;
				CLANG_ANALYZER_NONNULL = YES;
				CLANG_ANALYZER_NUMBER_OBJECT_CONVERSION = YES_AGGRESSIVE;
				CLANG_CXX_LANGUAGE_STANDARD = "gnu++14";
				CLANG_CXX_LIBRARY = "libc++";
				CLANG_ENABLE_MODULES = YES;
				CLANG_ENABLE_OBJC_ARC = YES;
				CLANG_ENABLE_OBJC_WEAK = YES;
				CLANG_WARN_BLOCK_CAPTURE_AUTORELEASING = YES;
				CLANG_WARN_BOOL_CONVERSION = YES;
				CLANG_WARN_COMMA = YES;
				CLANG_WARN_CONSTANT_CONVERSION = YES;
				CLANG_WARN_DEPRECATED_OBJC_IMPLEMENTATIONS = YES;
				CLANG_WARN_DIRECT_OBJC_ISA_USAGE = YES_ERROR;
				CLANG_WARN_DOCUMENTATION_COMMENTS = YES;
				CLANG_WARN_EMPTY_BODY = YES;
				CLANG_WARN_ENUM_CONVERSION = YES;
				CLANG_WARN_INFINITE_RECURSION = YES;
				CLANG_WARN_INT_CONVERSION = YES;
				CLANG_WARN_NON_LITERAL_NULL_CONVERSION = YES;
				CLANG_WARN_OBJC_IMPLICIT_RETAIN_SELF = YES;
				CLANG_WARN_OBJC_LITERAL_CONVERSION = YES;
				CLANG_WARN_OBJC_ROOT_CLASS = YES_ERROR;
				CLANG_WARN_QUOTED_INCLUDE_IN_FRAMEWORK_HEADER = YES;
				CLANG_WARN_RANGE_LOOP_ANALYSIS = YES;
				CLANG_WARN_STRICT_PROTOTYPES = YES;
				CLANG_WARN_SUSPICIOUS_MOVE = YES;
				CLANG_WARN_UNGUARDED_AVAILABILITY = YES_AGGRESSIVE;
				CLANG_WARN_UNREACHABLE_CODE = YES;
				CLANG_WARN__DUPLICATE_METHOD_MATCH = YES;
				COPY_PHASE_STRIP = NO;
				DEBUG_INFORMATION_FORMAT = "dwarf-with-dsym";
				ENABLE_NS_ASSERTIONS = NO;
				ENABLE_STRICT_OBJC_MSGSEND = YES;
				GCC_C_LANGUAGE_STANDARD = gnu11;
				GCC_NO_COMMON_BLOCKS = YES;
				GCC_WARN_64_TO_32_BIT_CONVERSION = YES;
				GCC_WARN_ABOUT_RETURN_TYPE = YES_ERROR;
				GCC_WARN_UNDECLARED_SELECTOR = YES;
				GCC_WARN_UNINITIALIZED_AUTOS = YES_AGGRESSIVE;
				GCC_WARN_UNUSED_FUNCTION = YES;
				GCC_WARN_UNUSED_VARIABLE = YES;
				IPHONEOS_DEPLOYMENT_TARGET = 14.4;
				MTL_ENABLE_DEBUG_INFO = NO;
				MTL_FAST_MATH = YES;
				SDKROOT = iphoneos;
				SWIFT_COMPILATION_MODE = wholemodule;
				SWIFT_OPTIMIZATION_LEVEL = "-O";
				VALIDATE_PRODUCT = YES;
			};
			name = Release;
		};
		DF8AFD3425D377AE00B926FE /* Debug */ = {
			isa = XCBuildConfiguration;
			buildSettings = {
				ASSETCATALOG_COMPILER_APPICON_NAME = AppIcon;
				ASSETCATALOG_COMPILER_GLOBAL_ACCENT_COLOR_NAME = AccentColor;
				CODE_SIGN_STYLE = Automatic;
				DEVELOPMENT_ASSET_PATHS = "\"UsingStateToFilterListApp/Preview Content\"";
				ENABLE_PREVIEWS = YES;
				INFOPLIST_FILE = UsingStateToFilterListApp/Info.plist;
				IPHONEOS_DEPLOYMENT_TARGET = 14.0;
				LD_RUNPATH_SEARCH_PATHS = (
					"$(inherited)",
					"@executable_path/Frameworks",
				);
				PRODUCT_BUNDLE_IDENTIFIER = com.who.is.ready.for.the.yoga.UsingStateToFilterListApp;
				PRODUCT_NAME = "$(TARGET_NAME)";
				SWIFT_VERSION = 5.0;
				TARGETED_DEVICE_FAMILY = "1,2";
			};
			name = Debug;
		};
		DF8AFD3525D377AE00B926FE /* Release */ = {
			isa = XCBuildConfiguration;
			buildSettings = {
				ASSETCATALOG_COMPILER_APPICON_NAME = AppIcon;
				ASSETCATALOG_COMPILER_GLOBAL_ACCENT_COLOR_NAME = AccentColor;
				CODE_SIGN_STYLE = Automatic;
				DEVELOPMENT_ASSET_PATHS = "\"UsingStateToFilterListApp/Preview Content\"";
				ENABLE_PREVIEWS = YES;
				INFOPLIST_FILE = UsingStateToFilterListApp/Info.plist;
				IPHONEOS_DEPLOYMENT_TARGET = 14.0;
				LD_RUNPATH_SEARCH_PATHS = (
					"$(inherited)",
					"@executable_path/Frameworks",
				);
				PRODUCT_BUNDLE_IDENTIFIER = com.who.is.ready.for.the.yoga.UsingStateToFilterListApp;
				PRODUCT_NAME = "$(TARGET_NAME)";
				SWIFT_VERSION = 5.0;
				TARGETED_DEVICE_FAMILY = "1,2";
			};
			name = Release;
		};
/* End XCBuildConfiguration section */

/* Begin XCConfigurationList section */
		DF8AFD1F25D377AC00B926FE /* Build configuration list for PBXProject "UsingStateToFilterListApp" */ = {
			isa = XCConfigurationList;
			buildConfigurations = (
				DF8AFD3125D377AE00B926FE /* Debug */,
				DF8AFD3225D377AE00B926FE /* Release */,
			);
			defaultConfigurationIsVisible = 0;
			defaultConfigurationName = Release;
		};
		DF8AFD3325D377AE00B926FE /* Build configuration list for PBXNativeTarget "UsingStateToFilterListApp" */ = {
			isa = XCConfigurationList;
			buildConfigurations = (
				DF8AFD3425D377AE00B926FE /* Debug */,
				DF8AFD3525D377AE00B926FE /* Release */,
			);
			defaultConfigurationIsVisible = 0;
			defaultConfigurationName = Release;
		};
/* End XCConfigurationList section */
	};
	rootObject = DF8AFD1C25D377AC00B926FE /* Project object */;
}
